
Microsoft Visual Studio Solution File, Format Version 12.00
# Visual Studio 2013
VisualStudioVersion = 12.0.30110.0
MinimumVisualStudioVersion = 10.0.40219.1
Project("{FAE04EC0-301F-11D3-BF4B-00C04F79EFBC}") = "Core", "Core\Core.csproj", "{E8CF4151-0AEE-429E-A7DF-6C4378814254}"
EndProject
Project("{FAE04EC0-301F-11D3-BF4B-00C04F79EFBC}") = "Cli", "Cli\Cli.csproj", "{917AA416-4724-40D3-AA9D-E094D7DB083C}"
EndProject
Global
	GlobalSection(SolutionConfigurationPlatforms) = preSolution
		Debug|Any CPU = Debug|Any CPU
		Release|Any CPU = Release|Any CPU
	EndGlobalSection
	GlobalSection(ProjectConfigurationPlatforms) = postSolution
		{E8CF4151-0AEE-429E-A7DF-6C4378814254}.Debug|Any CPU.ActiveCfg = Debug|Any CPU
		{E8CF4151-0AEE-429E-A7DF-6C4378814254}.Debug|Any CPU.Build.0 = Debug|Any CPU
		{E8CF4151-0AEE-429E-A7DF-6C4378814254}.Release|Any CPU.ActiveCfg = Release|Any CPU
		{E8CF4151-0AEE-429E-A7DF-6C4378814254}.Release|Any CPU.Build.0 = Release|Any CPU
		{917AA416-4724-40D3-AA9D-E094D7DB083C}.Debug|Any CPU.ActiveCfg = Debug|Any CPU
		{917AA416-4724-40D3-AA9D-E094D7DB083C}.Debug|Any CPU.Build.0 = Debug|Any CPU
		{917AA416-4724-40D3-AA9D-E094D7DB083C}.Release|Any CPU.ActiveCfg = Release|Any CPU
		{917AA416-4724-40D3-AA9D-E094D7DB083C}.Release|Any CPU.Build.0 = Release|Any CPU
	EndGlobalSection
	GlobalSection(SolutionProperties) = preSolution
		HideSolutionNode = FALSE
	EndGlobalSection
EndGlobal
